{
    "name": "quote-center",
    "version": "0.0.1",
    "lockfileVersion": 1,
    "requires": true,
    "dependencies": {
        "@types/accepts": {
            "version": "1.3.5",
            "resolved": "https://registry.npm.taobao.org/@types/accepts/download/@types/accepts-1.3.5.tgz",
            "integrity": "sha1-w0vsEVz8dG4E/loFnfTOfns5FXU=",
            "requires": {
                "@types/node": "*"
            }
        },
        "@types/bluebird": {
            "version": "3.5.27",
            "resolved": "https://registry.npm.taobao.org/@types/bluebird/download/@types/bluebird-3.5.27.tgz",
            "integrity": "sha1-YetNddxr+85Rz0num76+lBsstdA="
        },
        "@types/body-parser": {
            "version": "1.17.0",
            "resolved": "https://registry.npm.taobao.org/@types/body-parser/download/@types/body-parser-1.17.0.tgz",
            "integrity": "sha1-n1ydm9BLtUvjLV65/A2Ml05s9Yw=",
            "requires": {
                "@types/connect": "*",
                "@types/node": "*"
            }
        },
        "@types/connect": {
            "version": "3.4.32",
            "resolved": "https://registry.npm.taobao.org/@types/connect/download/@types/connect-3.4.32.tgz",
            "integrity": "sha1-qg6WFrlDXMrQK8UrW0VP/Cxwuig=",
            "requires": {
                "@types/node": "*"
            }
        },
        "@types/cookies": {
            "version": "0.7.2",
            "resolved": "https://registry.npm.taobao.org/@types/cookies/download/@types/cookies-0.7.2.tgz",
            "integrity": "sha1-XgVg1G7ZmYCC3OeZrxBY3WpJeAo=",
            "requires": {
                "@types/connect": "*",
                "@types/express": "*",
                "@types/keygrip": "*",
                "@types/node": "*"
            }
        },
        "@types/events": {
            "version": "3.0.0",
            "resolved": "https://registry.npm.taobao.org/@types/events/download/@types/events-3.0.0.tgz",
            "integrity": "sha1-KGLz9Yqaf3w+eNefEw3U1xwlwqc="
        },
        "@types/express": {
            "version": "4.17.0",
            "resolved": "https://registry.npm.taobao.org/@types/express/download/@types/express-4.17.0.tgz?cache=0&sync_timestamp=1559682327408&other_urls=https%3A%2F%2Fregistry.npm.taobao.org%2F%40types%2Fexpress%2Fdownload%2F%40types%2Fexpress-4.17.0.tgz",
            "integrity": "sha1-SertsglYKobxLtm3JRYPEtBO8oc=",
            "requires": {
                "@types/body-parser": "*",
                "@types/express-serve-static-core": "*",
                "@types/serve-static": "*"
            }
        },
        "@types/express-serve-static-core": {
            "version": "4.16.7",
            "resolved": "https://registry.npm.taobao.org/@types/express-serve-static-core/download/@types/express-serve-static-core-4.16.7.tgz",
            "integrity": "sha1-ULpvimkcCKPdn6f7ol7zEz0pgEk=",
            "requires": {
                "@types/node": "*",
                "@types/range-parser": "*"
            }
        },
        "@types/fs-extra": {
            "version": "8.0.0",
            "resolved": "https://registry.npm.taobao.org/@types/fs-extra/download/@types/fs-extra-8.0.0.tgz",
            "integrity": "sha1-0+LDE8op+VBZ8ZjdYNH3dGQtSyU=",
            "requires": {
                "@types/node": "*"
            }
        },
        "@types/http-assert": {
            "version": "1.5.0",
            "resolved": "https://registry.npm.taobao.org/@types/http-assert/download/@types/http-assert-1.5.0.tgz",
            "integrity": "sha1-VslcabUecWiw1nJwBdH7KgCq75Q="
        },
        "@types/keygrip": {
            "version": "1.0.1",
            "resolved": "https://registry.npm.taobao.org/@types/keygrip/download/@types/keygrip-1.0.1.tgz",
            "integrity": "sha1-/1QEYtL7TQqIRBzq8n0oewHD2Hg="
        },
        "@types/koa": {
            "version": "2.0.49",
            "resolved": "https://registry.npm.taobao.org/@types/koa/download/@types/koa-2.0.49.tgz",
            "integrity": "sha1-j/wt291xWiw5KiGMZ+EWywcAcjQ=",
            "requires": {
                "@types/accepts": "*",
                "@types/cookies": "*",
                "@types/http-assert": "*",
                "@types/keygrip": "*",
                "@types/koa-compose": "*",
                "@types/node": "*"
            }
        },
        "@types/koa-compose": {
            "version": "3.2.4",
            "resolved": "https://registry.npm.taobao.org/@types/koa-compose/download/@types/koa-compose-3.2.4.tgz",
            "integrity": "sha1-dqRhY0pZw+E0SYMXCLubNV+xVI4=",
            "requires": {
                "@types/koa": "*"
            }
        },
        "@types/koa-router": {
            "version": "7.0.42",
            "resolved": "https://registry.npm.taobao.org/@types/koa-router/download/@types/koa-router-7.0.42.tgz",
            "integrity": "sha1-DlwB1NCihz1ALUMhFPCDctfFDrE=",
            "requires": {
                "@types/koa": "*"
            }
        },
        "@types/lodash": {
            "version": "4.14.136",
            "resolved": "https://registry.npm.taobao.org/@types/lodash/download/@types/lodash-4.14.136.tgz",
            "integrity": "sha1-QT6FCJBGuGXZYMn/HUAOBMMatg8="
        },
        "@types/mime": {
            "version": "2.0.1",
            "resolved": "https://registry.npm.taobao.org/@types/mime/download/@types/mime-2.0.1.tgz",
            "integrity": "sha1-3EiIQjEqfwdRSTEpBbXjwLBUx50="
        },
        "@types/node": {
            "version": "12.6.2",
            "resolved": "https://registry.npm.taobao.org/@types/node/download/@types/node-12.6.2.tgz?cache=0&other_urls=https%3A%2F%2Fregistry.npm.taobao.org%2F%40types%2Fnode%2Fdownload%2F%40types%2Fnode-12.6.2.tgz",
            "integrity": "sha1-pczsartgYNXyDSVvsD7XQ+l3SZk="
        },
        "@types/range-parser": {
            "version": "1.2.3",
            "resolved": "https://registry.npm.taobao.org/@types/range-parser/download/@types/range-parser-1.2.3.tgz",
            "integrity": "sha1-fuMwunyq+5gJC+zoal7kQRWQTCw="
        },
        "@types/serve-static": {
            "version": "1.13.2",
            "resolved": "https://registry.npm.taobao.org/@types/serve-static/download/@types/serve-static-1.13.2.tgz",
            "integrity": "sha1-9axNemQgqZpqRa9HGfTc2M2Qekg=",
            "requires": {
                "@types/express-serve-static-core": "*",
                "@types/mime": "*"
            }
        },
        "@types/ws": {
            "version": "6.0.1",
            "resolved": "https://registry.npm.taobao.org/@types/ws/download/@types/ws-6.0.1.tgz",
            "integrity": "sha1-yno/N1aqEvYqCmIUXtFMbbJdWig=",
            "requires": {
                "@types/events": "*",
                "@types/node": "*"
            }
        },
        "bluebird": {
            "version": "3.5.5",
            "resolved": "https://registry.npm.taobao.org/bluebird/download/bluebird-3.5.5.tgz",
            "integrity": "sha1-qNCv1zJR7/u9X+OEp31zADwXpx8="
        },
        "buffer-from": {
            "version": "1.1.1",
            "resolved": "https://registry.npm.taobao.org/buffer-from/download/buffer-from-1.1.1.tgz",
            "integrity": "sha1-MnE7wCj3XAL9txDXx7zsHyxgcO8="
        },
        "fs-extra": {
            "version": "8.1.0",
            "resolved": "https://registry.npm.taobao.org/fs-extra/download/fs-extra-8.1.0.tgz",
            "integrity": "sha1-SdQ8RaiM2Wd2aMt74bRu/bjS4cA=",
            "requires": {
                "graceful-fs": "^4.2.0",
                "jsonfile": "^4.0.0",
                "universalify": "^0.1.0"
            }
        },
        "graceful-fs": {
            "version": "4.2.0",
            "resolved": "https://registry.npm.taobao.org/graceful-fs/download/graceful-fs-4.2.0.tgz?cache=0&sync_timestamp=1561578857655&other_urls=https%3A%2F%2Fregistry.npm.taobao.org%2Fgraceful-fs%2Fdownload%2Fgraceful-fs-4.2.0.tgz",
            "integrity": "sha1-jY/cc5d8sEEEchy1NmbBymTNMos="
        },
        "interruptible-timer": {
            "version": "git+https://github.com/zimtsui/interruptible-timer.git#ed030e9eb5d04bef16197ed410d3f7d072cc9be7",
            "from": "git+https://github.com/zimtsui/interruptible-timer.git",
            "requires": {
                "@types/bluebird": "^3.5.27",
                "@types/node": "^12.6.2",
                "bluebird": "^3.5.5"
            }
        },
        "jsonfile": {
            "version": "4.0.0",
            "resolved": "https://registry.npm.taobao.org/jsonfile/download/jsonfile-4.0.0.tgz",
            "integrity": "sha1-h3Gq4HmbZAdrdmQPygWPnBDjPss=",
            "requires": {
                "graceful-fs": "^4.1.6"
            }
        },
        "lodash": {
            "version": "4.17.14",
            "resolved": "https://registry.npm.taobao.org/lodash/download/lodash-4.17.14.tgz?cache=0&sync_timestamp=1562801243520&other_urls=https%3A%2F%2Fregistry.npm.taobao.org%2Flodash%2Fdownload%2Flodash-4.17.14.tgz",
            "integrity": "sha1-nOSHrmbJYlT+ILWZ8htoFgKAeLo="
        },
        "pollerloop": {
            "version": "git+https://github.com/zimtsui/pollerloop.git#03e01397feb0c406635cc2c43532e60e119bc51b",
            "from": "git+https://github.com/zimtsui/pollerloop.git",
            "requires": {
                "@types/node": "^12.6.2",
                "interruptible-timer": "git+https://github.com/zimtsui/interruptible-timer.git"
            }
        },
        "queue": {
            "version": "git+https://github.com/zimtsui/queue.git#f2fd5e637d95d89cc5e832019e82d189c1b73dab",
            "from": "git+https://github.com/zimtsui/queue.git",
            "requires": {
                "@types/node": "^12.6.2"
            }
        },
        "source-map": {
            "version": "0.6.1",
            "resolved": "https://registry.npm.taobao.org/source-map/download/source-map-0.6.1.tgz",
            "integrity": "sha1-dHIq8y6WFOnCh6jQu95IteLxomM="
        },
        "source-map-support": {
            "version": "0.5.12",
            "resolved": "https://registry.npm.taobao.org/source-map-support/download/source-map-support-0.5.12.tgz?cache=0&other_urls=https%3A%2F%2Fregistry.npm.taobao.org%2Fsource-map-support%2Fdownload%2Fsource-map-support-0.5.12.tgz",
            "integrity": "sha1-tPOxDVGFelrwE4086AA7IBYT1Zk=",
            "requires": {
                "buffer-from": "^1.0.0",
                "source-map": "^0.6.0"
            }
        },
        "typescript": {
            "version": "3.5.3",
            "resolved": "https://registry.npm.taobao.org/typescript/download/typescript-3.5.3.tgz",
            "integrity": "sha1-yDD2V/k/HqhGgZ6SkJL1/lmD6Xc=",
            "dev": true
        },
        "universalify": {
            "version": "0.1.2",
            "resolved": "https://registry.npm.taobao.org/universalify/download/universalify-0.1.2.tgz",
            "integrity": "sha1-tkb2m+OULavOzJ1mOcgNwQXvqmY="
        }
    }
}
